
Microsoft Visual Studio Solution File, Format Version 12.00
# Visual Studio Version 16
VisualStudioVersion = 16.0.31229.75
MinimumVisualStudioVersion = 10.0.40219.1
Project("{FAE04EC0-301F-11D3-BF4B-00C04F79EFBC}") = "e-Tickets", "e-Tickets\e-Tickets.csproj", "{BC55037F-7BD9-4C26-80DD-86B8ED29301A}"
EndProject
Global
	GlobalSection(SolutionConfigurationPlatforms) = preSolution
		Debug|Any CPU = Debug|Any CPU
		Release|Any CPU = Release|Any CPU
	EndGlobalSection
	GlobalSection(ProjectConfigurationPlatforms) = postSolution
		{BC55037F-7BD9-4C26-80DD-86B8ED29301A}.Debug|Any CPU.ActiveCfg = Debug|Any CPU
		{BC55037F-7BD9-4C26-80DD-86B8ED29301A}.Debug|Any CPU.Build.0 = Debug|Any CPU
		{BC55037F-7BD9-4C26-80DD-86B8ED29301A}.Release|Any CPU.ActiveCfg = Release|Any CPU
		{BC55037F-7BD9-4C26-80DD-86B8ED29301A}.Release|Any CPU.Build.0 = Release|Any CPU
	EndGlobalSection
	GlobalSection(SolutionProperties) = preSolution
		HideSolutionNode = FALSE
	EndGlobalSection
	GlobalSection(ExtensibilityGlobals) = postSolution
		SolutionGuid = {53A0D93D-3EF9-4C1B-935F-250B5D8B576D}
	EndGlobalSection
EndGlobal
